
Microsoft Visual Studio Solution File, Format Version 12.00
# Visual Studio 15
VisualStudioVersion = 15.0.27130.2036
MinimumVisualStudioVersion = 10.0.40219.1
Project("{8BC9CEB8-8B4A-11D0-8D11-00A0C91BC942}") = "Game", "Game\Game.vcxproj", "{873F3F7B-5D35-4415-8AB8-537677740911}"
	ProjectSection(ProjectDependencies) = postProject
		{FC5F7A3C-F65F-4D66-8188-68B829ADEF59} = {FC5F7A3C-F65F-4D66-8188-68B829ADEF59}
	EndProjectSection
EndProject
Project("{8BC9CEB8-8B4A-11D0-8D11-00A0C91BC942}") = "Engine", "Engine\Engine.vcxproj", "{FC5F7A3C-F65F-4D66-8188-68B829ADEF59}"
EndProject
Global
	GlobalSection(SolutionConfigurationPlatforms) = preSolution
		Debug|x64 = Debug|x64
		Debug|x86 = Debug|x86
		Release|x64 = Release|x64
		Release|x86 = Release|x86
	EndGlobalSection
	GlobalSection(ProjectConfigurationPlatforms) = postSolution
		{873F3F7B-5D35-4415-8AB8-537677740911}.Debug|x64.ActiveCfg = Debug|x64
		{873F3F7B-5D35-4415-8AB8-537677740911}.Debug|x64.Build.0 = Debug|x64
		{873F3F7B-5D35-4415-8AB8-537677740911}.Debug|x86.ActiveCfg = Debug|Win32
		{873F3F7B-5D35-4415-8AB8-537677740911}.Debug|x86.Build.0 = Debug|Win32
		{873F3F7B-5D35-4415-8AB8-537677740911}.Release|x64.ActiveCfg = Release|x64
		{873F3F7B-5D35-4415-8AB8-537677740911}.Release|x64.Build.0 = Release|x64
		{873F3F7B-5D35-4415-8AB8-537677740911}.Release|x86.ActiveCfg = Release|Win32
		{873F3F7B-5D35-4415-8AB8-537677740911}.Release|x86.Build.0 = Release|Win32
		{FC5F7A3C-F65F-4D66-8188-68B829ADEF59}.Debug|x64.ActiveCfg = Debug|x64
		{FC5F7A3C-F65F-4D66-8188-68B829ADEF59}.Debug|x64.Build.0 = Debug|x64
		{FC5F7A3C-F65F-4D66-8188-68B829ADEF59}.Debug|x64.Deploy.0 = Debug|x64
		{FC5F7A3C-F65F-4D66-8188-68B829ADEF59}.Debug|x86.ActiveCfg = Debug|Win32
		{FC5F7A3C-F65F-4D66-8188-68B829ADEF59}.Debug|x86.Build.0 = Debug|Win32
		{FC5F7A3C-F65F-4D66-8188-68B829ADEF59}.Debug|x86.Deploy.0 = Debug|Win32
		{FC5F7A3C-F65F-4D66-8188-68B829ADEF59}.Release|x64.ActiveCfg = Release|x64
		{FC5F7A3C-F65F-4D66-8188-68B829ADEF59}.Release|x64.Build.0 = Release|x64
		{FC5F7A3C-F65F-4D66-8188-68B829ADEF59}.Release|x64.Deploy.0 = Release|x64
		{FC5F7A3C-F65F-4D66-8188-68B829ADEF59}.Release|x86.ActiveCfg = Release|Win32
		{FC5F7A3C-F65F-4D66-8188-68B829ADEF59}.Release|x86.Build.0 = Release|Win32
		{FC5F7A3C-F65F-4D66-8188-68B829ADEF59}.Release|x86.Deploy.0 = Release|Win32
	EndGlobalSection
	GlobalSection(SolutionProperties) = preSolution
		HideSolutionNode = FALSE
	EndGlobalSection
	GlobalSection(ExtensibilityGlobals) = postSolution
		SolutionGuid = {A1758E0D-2E2A-4239-86CF-C6086DF56CD2}
	EndGlobalSection
EndGlobal
